
Microsoft Visual Studio Solution File, Format Version 12.00
# Visual Studio Version 17
VisualStudioVersion = 17.1.32421.90
MinimumVisualStudioVersion = 10.0.40219.1
Project("{9A19103F-16F7-4668-BE54-9A1E7A4F7556}") = "ComplainSystemApp", "ComplainSystemApp.csproj", "{494612B1-9C1B-45CB-A175-4077C876A24A}"
EndProject
Project("{9A19103F-16F7-4668-BE54-9A1E7A4F7556}") = "ComplainSystem.Test", "..\ComplainSystem.Test\ComplainSystem.Test.csproj", "{4AEE5483-01CF-4C32-BE59-6D14B8759914}"
EndProject
Project("{9A19103F-16F7-4668-BE54-9A1E7A4F7556}") = "ComplainSystem.DomainModelCore", "..\ComplainSystem.DomainModelCore\ComplainSystem.DomainModelCore.csproj", "{40346773-1FCE-4FD0-A84D-EEDED2660FA9}"
EndProject
Project("{9A19103F-16F7-4668-BE54-9A1E7A4F7556}") = "ComplainSystem.Application", "..\ComplainSystem.Application\ComplainSystem.Application.csproj", "{5E013107-8C0F-49EE-A45A-A45E2DDB8325}"
EndProject
Project("{9A19103F-16F7-4668-BE54-9A1E7A4F7556}") = "ComplainSystem.Infrastructure", "..\ComplainSystem.Infrastructure\ComplainSystem.Infrastructure.csproj", "{C49FA66B-FD5A-469C-AE2A-7C5606135011}"
EndProject
Project("{FAE04EC0-301F-11D3-BF4B-00C04F79EFBC}") = "ComplainSystem_Utility", "..\ComplainSystem_Utility\ComplainSystem_Utility.csproj", "{97AA8557-C47C-4DDA-9856-88ABE5E789A9}"
EndProject
Global
	GlobalSection(SolutionConfigurationPlatforms) = preSolution
		Debug|Any CPU = Debug|Any CPU
		Release|Any CPU = Release|Any CPU
	EndGlobalSection
	GlobalSection(ProjectConfigurationPlatforms) = postSolution
		{494612B1-9C1B-45CB-A175-4077C876A24A}.Debug|Any CPU.ActiveCfg = Debug|Any CPU
		{494612B1-9C1B-45CB-A175-4077C876A24A}.Debug|Any CPU.Build.0 = Debug|Any CPU
		{494612B1-9C1B-45CB-A175-4077C876A24A}.Release|Any CPU.ActiveCfg = Release|Any CPU
		{494612B1-9C1B-45CB-A175-4077C876A24A}.Release|Any CPU.Build.0 = Release|Any CPU
		{4AEE5483-01CF-4C32-BE59-6D14B8759914}.Debug|Any CPU.ActiveCfg = Debug|Any CPU
		{4AEE5483-01CF-4C32-BE59-6D14B8759914}.Debug|Any CPU.Build.0 = Debug|Any CPU
		{4AEE5483-01CF-4C32-BE59-6D14B8759914}.Release|Any CPU.ActiveCfg = Release|Any CPU
		{4AEE5483-01CF-4C32-BE59-6D14B8759914}.Release|Any CPU.Build.0 = Release|Any CPU
		{40346773-1FCE-4FD0-A84D-EEDED2660FA9}.Debug|Any CPU.ActiveCfg = Debug|Any CPU
		{40346773-1FCE-4FD0-A84D-EEDED2660FA9}.Debug|Any CPU.Build.0 = Debug|Any CPU
		{40346773-1FCE-4FD0-A84D-EEDED2660FA9}.Release|Any CPU.ActiveCfg = Release|Any CPU
		{40346773-1FCE-4FD0-A84D-EEDED2660FA9}.Release|Any CPU.Build.0 = Release|Any CPU
		{5E013107-8C0F-49EE-A45A-A45E2DDB8325}.Debug|Any CPU.ActiveCfg = Debug|Any CPU
		{5E013107-8C0F-49EE-A45A-A45E2DDB8325}.Debug|Any CPU.Build.0 = Debug|Any CPU
		{5E013107-8C0F-49EE-A45A-A45E2DDB8325}.Release|Any CPU.ActiveCfg = Release|Any CPU
		{5E013107-8C0F-49EE-A45A-A45E2DDB8325}.Release|Any CPU.Build.0 = Release|Any CPU
		{C49FA66B-FD5A-469C-AE2A-7C5606135011}.Debug|Any CPU.ActiveCfg = Debug|Any CPU
		{C49FA66B-FD5A-469C-AE2A-7C5606135011}.Debug|Any CPU.Build.0 = Debug|Any CPU
		{C49FA66B-FD5A-469C-AE2A-7C5606135011}.Release|Any CPU.ActiveCfg = Release|Any CPU
		{C49FA66B-FD5A-469C-AE2A-7C5606135011}.Release|Any CPU.Build.0 = Release|Any CPU
		{97AA8557-C47C-4DDA-9856-88ABE5E789A9}.Debug|Any CPU.ActiveCfg = Debug|Any CPU
		{97AA8557-C47C-4DDA-9856-88ABE5E789A9}.Debug|Any CPU.Build.0 = Debug|Any CPU
		{97AA8557-C47C-4DDA-9856-88ABE5E789A9}.Release|Any CPU.ActiveCfg = Release|Any CPU
		{97AA8557-C47C-4DDA-9856-88ABE5E789A9}.Release|Any CPU.Build.0 = Release|Any CPU
	EndGlobalSection
	GlobalSection(SolutionProperties) = preSolution
		HideSolutionNode = FALSE
	EndGlobalSection
	GlobalSection(ExtensibilityGlobals) = postSolution
		SolutionGuid = {C75935E7-A162-446B-9120-7AEB678AD4CC}
	EndGlobalSection
EndGlobal
